
Microsoft Visual Studio Solution File, Format Version 12.00
# Visual Studio Version 16
VisualStudioVersion = 16.0.34301.259
MinimumVisualStudioVersion = 10.0.40219.1
Project("{FAE04EC0-301F-11D3-BF4B-00C04F79EFBC}") = "TeamProjectCsNejlepsi", "TeamProjectCsNejlepsi.csproj", "{D0BFD2A7-C44F-4DAE-89B4-E3BEFC40BAC3}"
EndProject
Global
	GlobalSection(SolutionConfigurationPlatforms) = preSolution
		Debug|Any CPU = Debug|Any CPU
		Release|Any CPU = Release|Any CPU
	EndGlobalSection
	GlobalSection(ProjectConfigurationPlatforms) = postSolution
		{D0BFD2A7-C44F-4DAE-89B4-E3BEFC40BAC3}.Debug|Any CPU.ActiveCfg = Debug|Any CPU
		{D0BFD2A7-C44F-4DAE-89B4-E3BEFC40BAC3}.Debug|Any CPU.Build.0 = Debug|Any CPU
		{D0BFD2A7-C44F-4DAE-89B4-E3BEFC40BAC3}.Release|Any CPU.ActiveCfg = Release|Any CPU
		{D0BFD2A7-C44F-4DAE-89B4-E3BEFC40BAC3}.Release|Any CPU.Build.0 = Release|Any CPU
	EndGlobalSection
	GlobalSection(SolutionProperties) = preSolution
		HideSolutionNode = FALSE
	EndGlobalSection
	GlobalSection(ExtensibilityGlobals) = postSolution
		SolutionGuid = {1816A773-CF10-428D-A281-36689830B69D}
	EndGlobalSection
EndGlobal
